// !$*UTF8*$!
{
	archiveVersion = 1;
	classes = {
	};
	objectVersion = 50;
	objects = {

/* Begin PBXBuildFile section */
		09A5867B73F3BB055B947ACD /* Pods_AlbumSearchAPITests.framework in Frameworks */ = {isa = PBXBuildFile; fileRef = 1A79AD0E1697DBCE32C75527 /* Pods_AlbumSearchAPITests.framework */; };
		AFB5D189228B89930006577F /* iTunesAlbumAPI.swift in Sources */ = {isa = PBXBuildFile; fileRef = AFB5D188228B89930006577F /* iTunesAlbumAPI.swift */; };
		AFB5D18B228B8BF20006577F /* AlbumSearchAPI.swift in Sources */ = {isa = PBXBuildFile; fileRef = AFB5D18A228B8BF20006577F /* AlbumSearchAPI.swift */; };
		AFB5D18D228B8E330006577F /* SearchResult.swift in Sources */ = {isa = PBXBuildFile; fileRef = AFB5D18C228B8E330006577F /* SearchResult.swift */; };
		AFB5D18F228B8EFC0006577F /* Album.swift in Sources */ = {isa = PBXBuildFile; fileRef = AFB5D18E228B8EFC0006577F /* Album.swift */; };
		AFB5D191228B90770006577F /* Outcome.swift in Sources */ = {isa = PBXBuildFile; fileRef = AFB5D190228B90770006577F /* Outcome.swift */; };
		AFE6455E228B82560060C14C /* AlbumSearchAPI.framework in Frameworks */ = {isa = PBXBuildFile; fileRef = AFE64554228B82560060C14C /* AlbumSearchAPI.framework */; };
		AFE64563228B82560060C14C /* AlbumSearchAPITests.swift in Sources */ = {isa = PBXBuildFile; fileRef = AFE64562228B82560060C14C /* AlbumSearchAPITests.swift */; };
		AFE64565228B82560060C14C /* AlbumSearchAPI.h in Headers */ = {isa = PBXBuildFile; fileRef = AFE64557228B82560060C14C /* AlbumSearchAPI.h */; settings = {ATTRIBUTES = (Public, ); }; };
		FCBF5A02FC9018EF3918F626 /* Pods_AlbumSearchAPI.framework in Frameworks */ = {isa = PBXBuildFile; fileRef = 2624D6686AB453A8EC333EF7 /* Pods_AlbumSearchAPI.framework */; };
/* End PBXBuildFile section */

/* Begin PBXContainerItemProxy section */
		AFE6455F228B82560060C14C /* PBXContainerItemProxy */ = {
			isa = PBXContainerItemProxy;
			containerPortal = AFE6454B228B82560060C14C /* Project object */;
			proxyType = 1;
			remoteGlobalIDString = AFE64553228B82560060C14C;
			remoteInfo = AlbumSearchAPI;
		};
/* End PBXContainerItemProxy section */

/* Begin PBXFileReference section */
		1A79AD0E1697DBCE32C75527 /* Pods_AlbumSearchAPITests.framework */ = {isa = PBXFileReference; explicitFileType = wrapper.framework; includeInIndex = 0; path = Pods_AlbumSearchAPITests.framework; sourceTree = BUILT_PRODUCTS_DIR; };
		2624D6686AB453A8EC333EF7 /* Pods_AlbumSearchAPI.framework */ = {isa = PBXFileReference; explicitFileType = wrapper.framework; includeInIndex = 0; path = Pods_AlbumSearchAPI.framework; sourceTree = BUILT_PRODUCTS_DIR; };
		26F6D606EF646D4F4273A302 /* Pods-AlbumSearchAPI.debug.xcconfig */ = {isa = PBXFileReference; includeInIndex = 1; lastKnownFileType = text.xcconfig; name = "Pods-AlbumSearchAPI.debug.xcconfig"; path = "Target Support Files/Pods-AlbumSearchAPI/Pods-AlbumSearchAPI.debug.xcconfig"; sourceTree = "<group>"; };
		9CB70F5A8285494BAD7226F7 /* Pods-AlbumSearchAPITests.release.xcconfig */ = {isa = PBXFileReference; includeInIndex = 1; lastKnownFileType = text.xcconfig; name = "Pods-AlbumSearchAPITests.release.xcconfig"; path = "Target Support Files/Pods-AlbumSearchAPITests/Pods-AlbumSearchAPITests.release.xcconfig"; sourceTree = "<group>"; };
		AFB5D188228B89930006577F /* iTunesAlbumAPI.swift */ = {isa = PBXFileReference; lastKnownFileType = sourcecode.swift; path = iTunesAlbumAPI.swift; sourceTree = "<group>"; };
		AFB5D18A228B8BF20006577F /* AlbumSearchAPI.swift */ = {isa = PBXFileReference; lastKnownFileType = sourcecode.swift; path = AlbumSearchAPI.swift; sourceTree = "<group>"; };
		AFB5D18C228B8E330006577F /* SearchResult.swift */ = {isa = PBXFileReference; lastKnownFileType = sourcecode.swift; path = SearchResult.swift; sourceTree = "<group>"; };
		AFB5D18E228B8EFC0006577F /* Album.swift */ = {isa = PBXFileReference; lastKnownFileType = sourcecode.swift; path = Album.swift; sourceTree = "<group>"; };
		AFB5D190228B90770006577F /* Outcome.swift */ = {isa = PBXFileReference; lastKnownFileType = sourcecode.swift; path = Outcome.swift; sourceTree = "<group>"; };
		AFE64554228B82560060C14C /* AlbumSearchAPI.framework */ = {isa = PBXFileReference; explicitFileType = wrapper.framework; includeInIndex = 0; path = AlbumSearchAPI.framework; sourceTree = BUILT_PRODUCTS_DIR; };
		AFE64557228B82560060C14C /* AlbumSearchAPI.h */ = {isa = PBXFileReference; lastKnownFileType = sourcecode.c.h; path = AlbumSearchAPI.h; sourceTree = "<group>"; };
		AFE64558228B82560060C14C /* Info.plist */ = {isa = PBXFileReference; lastKnownFileType = text.plist.xml; path = Info.plist; sourceTree = "<group>"; };
		AFE6455D228B82560060C14C /* AlbumSearchAPITests.xctest */ = {isa = PBXFileReference; explicitFileType = wrapper.cfbundle; includeInIndex = 0; path = AlbumSearchAPITests.xctest; sourceTree = BUILT_PRODUCTS_DIR; };
		AFE64562228B82560060C14C /* AlbumSearchAPITests.swift */ = {isa = PBXFileReference; lastKnownFileType = sourcecode.swift; path = AlbumSearchAPITests.swift; sourceTree = "<group>"; };
		AFE64564228B82560060C14C /* Info.plist */ = {isa = PBXFileReference; lastKnownFileType = text.plist.xml; path = Info.plist; sourceTree = "<group>"; };
		B4E11A91475E1BFD5515D890 /* Pods-AlbumSearchAPI.release.xcconfig */ = {isa = PBXFileReference; includeInIndex = 1; lastKnownFileType = text.xcconfig; name = "Pods-AlbumSearchAPI.release.xcconfig"; path = "Target Support Files/Pods-AlbumSearchAPI/Pods-AlbumSearchAPI.release.xcconfig"; sourceTree = "<group>"; };
		D0B5EC1B0C637ABF3A593105 /* Pods-AlbumSearchAPITests.debug.xcconfig */ = {isa = PBXFileReference; includeInIndex = 1; lastKnownFileType = text.xcconfig; name = "Pods-AlbumSearchAPITests.debug.xcconfig"; path = "Target Support Files/Pods-AlbumSearchAPITests/Pods-AlbumSearchAPITests.debug.xcconfig"; sourceTree = "<group>"; };
/* End PBXFileReference section */

/* Begin PBXFrameworksBuildPhase section */
		AFE64551228B82560060C14C /* Frameworks */ = {
			isa = PBXFrameworksBuildPhase;
			buildActionMask = 2147483647;
			files = (
				FCBF5A02FC9018EF3918F626 /* Pods_AlbumSearchAPI.framework in Frameworks */,
			);
			runOnlyForDeploymentPostprocessing = 0;
		};
		AFE6455A228B82560060C14C /* Frameworks */ = {
			isa = PBXFrameworksBuildPhase;
			buildActionMask = 2147483647;
			files = (
				AFE6455E228B82560060C14C /* AlbumSearchAPI.framework in Frameworks */,
				09A5867B73F3BB055B947ACD /* Pods_AlbumSearchAPITests.framework in Frameworks */,
			);
			runOnlyForDeploymentPostprocessing = 0;
		};
/* End PBXFrameworksBuildPhase section */

/* Begin PBXGroup section */
		8F643CDEAF204605AA09BA7E /* Frameworks */ = {
			isa = PBXGroup;
			children = (
				2624D6686AB453A8EC333EF7 /* Pods_AlbumSearchAPI.framework */,
				1A79AD0E1697DBCE32C75527 /* Pods_AlbumSearchAPITests.framework */,
			);
			name = Frameworks;
			sourceTree = "<group>";
		};
		A69B43CD4BD7A8E9B358C914 /* Pods */ = {
			isa = PBXGroup;
			children = (
				26F6D606EF646D4F4273A302 /* Pods-AlbumSearchAPI.debug.xcconfig */,
				B4E11A91475E1BFD5515D890 /* Pods-AlbumSearchAPI.release.xcconfig */,
				D0B5EC1B0C637ABF3A593105 /* Pods-AlbumSearchAPITests.debug.xcconfig */,
				9CB70F5A8285494BAD7226F7 /* Pods-AlbumSearchAPITests.release.xcconfig */,
			);
			name = Pods;
			path = ../Pods;
			sourceTree = "<group>";
		};
		AFB5D192228B93680006577F /* Entities */ = {
			isa = PBXGroup;
			children = (
				AFB5D18C228B8E330006577F /* SearchResult.swift */,
				AFB5D18E228B8EFC0006577F /* Album.swift */,
				AFB5D190228B90770006577F /* Outcome.swift */,
			);
			path = Entities;
			sourceTree = "<group>";
		};
		AFB5D193228B93750006577F /* Providers */ = {
			isa = PBXGroup;
			children = (
				AFB5D188228B89930006577F /* iTunesAlbumAPI.swift */,
			);
			path = Providers;
			sourceTree = "<group>";
		};
		AFB5D195228B9F960006577F /* Resources */ = {
			isa = PBXGroup;
			children = (
				AFE64558228B82560060C14C /* Info.plist */,
			);
			path = Resources;
			sourceTree = "<group>";
		};
		AFE6454A228B82560060C14C = {
			isa = PBXGroup;
			children = (
				AFE64556228B82560060C14C /* AlbumSearchAPI */,
				AFE64561228B82560060C14C /* AlbumSearchAPITests */,
				AFE64555228B82560060C14C /* Products */,
				A69B43CD4BD7A8E9B358C914 /* Pods */,
				8F643CDEAF204605AA09BA7E /* Frameworks */,
			);
			sourceTree = "<group>";
		};
		AFE64555228B82560060C14C /* Products */ = {
			isa = PBXGroup;
			children = (
				AFE64554228B82560060C14C /* AlbumSearchAPI.framework */,
				AFE6455D228B82560060C14C /* AlbumSearchAPITests.xctest */,
			);
			name = Products;
			sourceTree = "<group>";
		};
		AFE64556228B82560060C14C /* AlbumSearchAPI */ = {
			isa = PBXGroup;
			children = (
				AFE64557228B82560060C14C /* AlbumSearchAPI.h */,
				AFB5D18A228B8BF20006577F /* AlbumSearchAPI.swift */,
				AFB5D193228B93750006577F /* Providers */,
				AFB5D192228B93680006577F /* Entities */,
				AFB5D195228B9F960006577F /* Resources */,
			);
			path = AlbumSearchAPI;
			sourceTree = "<group>";
		};
		AFE64561228B82560060C14C /* AlbumSearchAPITests */ = {
			isa = PBXGroup;
			children = (
				AFE64562228B82560060C14C /* AlbumSearchAPITests.swift */,
				AFE64564228B82560060C14C /* Info.plist */,
			);
			path = AlbumSearchAPITests;
			sourceTree = "<group>";
		};
/* End PBXGroup section */

/* Begin PBXHeadersBuildPhase section */
		AFE6454F228B82560060C14C /* Headers */ = {
			isa = PBXHeadersBuildPhase;
			buildActionMask = 2147483647;
			files = (
				AFE64565228B82560060C14C /* AlbumSearchAPI.h in Headers */,
			);
			runOnlyForDeploymentPostprocessing = 0;
		};
/* End PBXHeadersBuildPhase section */

/* Begin PBXNativeTarget section */
		AFE64553228B82560060C14C /* AlbumSearchAPI */ = {
			isa = PBXNativeTarget;
			buildConfigurationList = AFE64568228B82560060C14C /* Build configuration list for PBXNativeTarget "AlbumSearchAPI" */;
			buildPhases = (
				D3D1469EFD7178A439AEE717 /* [CP] Check Pods Manifest.lock */,
				AFE6454F228B82560060C14C /* Headers */,
				AFE64550228B82560060C14C /* Sources */,
				AFE64551228B82560060C14C /* Frameworks */,
				AFE64552228B82560060C14C /* Resources */,
			);
			buildRules = (
			);
			dependencies = (
			);
			name = AlbumSearchAPI;
			productName = AlbumSearchAPI;
			productReference = AFE64554228B82560060C14C /* AlbumSearchAPI.framework */;
			productType = "com.apple.product-type.framework";
		};
		AFE6455C228B82560060C14C /* AlbumSearchAPITests */ = {
			isa = PBXNativeTarget;
			buildConfigurationList = AFE6456B228B82560060C14C /* Build configuration list for PBXNativeTarget "AlbumSearchAPITests" */;
			buildPhases = (
				F5A9324E0B0AD5B43B3176B0 /* [CP] Check Pods Manifest.lock */,
				AFE64559228B82560060C14C /* Sources */,
				AFE6455A228B82560060C14C /* Frameworks */,
				AFE6455B228B82560060C14C /* Resources */,
				AFB6917873F8111C0E882BCC /* [CP] Embed Pods Frameworks */,
			);
			buildRules = (
			);
			dependencies = (
				AFE64560228B82560060C14C /* PBXTargetDependency */,
			);
			name = AlbumSearchAPITests;
			productName = AlbumSearchAPITests;
			productReference = AFE6455D228B82560060C14C /* AlbumSearchAPITests.xctest */;
			productType = "com.apple.product-type.bundle.unit-test";
		};
/* End PBXNativeTarget section */

/* Begin PBXProject section */
		AFE6454B228B82560060C14C /* Project object */ = {
			isa = PBXProject;
			attributes = {
				LastSwiftUpdateCheck = 1020;
				LastUpgradeCheck = 1020;
				ORGANIZATIONNAME = "Thiago Magalhaes";
				TargetAttributes = {
					AFE64553228B82560060C14C = {
						CreatedOnToolsVersion = 10.2.1;
						LastSwiftMigration = 1020;
					};
					AFE6455C228B82560060C14C = {
						CreatedOnToolsVersion = 10.2.1;
					};
				};
			};
			buildConfigurationList = AFE6454E228B82560060C14C /* Build configuration list for PBXProject "AlbumSearchAPI" */;
			compatibilityVersion = "Xcode 9.3";
			developmentRegion = en;
			hasScannedForEncodings = 0;
			knownRegions = (
				en,
			);
			mainGroup = AFE6454A228B82560060C14C;
			productRefGroup = AFE64555228B82560060C14C /* Products */;
			projectDirPath = "";
			projectRoot = "";
			targets = (
				AFE64553228B82560060C14C /* AlbumSearchAPI */,
				AFE6455C228B82560060C14C /* AlbumSearchAPITests */,
			);
		};
/* End PBXProject section */

/* Begin PBXResourcesBuildPhase section */
		AFE64552228B82560060C14C /* Resources */ = {
			isa = PBXResourcesBuildPhase;
			buildActionMask = 2147483647;
			files = (
			);
			runOnlyForDeploymentPostprocessing = 0;
		};
		AFE6455B228B82560060C14C /* Resources */ = {
			isa = PBXResourcesBuildPhase;
			buildActionMask = 2147483647;
			files = (
			);
			runOnlyForDeploymentPostprocessing = 0;
		};
/* End PBXResourcesBuildPhase section */

/* Begin PBXShellScriptBuildPhase section */
		AFB6917873F8111C0E882BCC /* [CP] Embed Pods Frameworks */ = {
			isa = PBXShellScriptBuildPhase;
			buildActionMask = 2147483647;
			files = (
			);
			inputFileListPaths = (
			);
			inputPaths = (
				"${PODS_ROOT}/Target Support Files/Pods-AlbumSearchAPITests/Pods-AlbumSearchAPITests-frameworks.sh",
				"${BUILT_PRODUCTS_DIR}/Alamofire/Alamofire.framework",
				"${BUILT_PRODUCTS_DIR}/Moya/Moya.framework",
				"${BUILT_PRODUCTS_DIR}/Result/Result.framework",
			);
			name = "[CP] Embed Pods Frameworks";
			outputFileListPaths = (
			);
			outputPaths = (
				"${TARGET_BUILD_DIR}/${FRAMEWORKS_FOLDER_PATH}/Alamofire.framework",
				"${TARGET_BUILD_DIR}/${FRAMEWORKS_FOLDER_PATH}/Moya.framework",
				"${TARGET_BUILD_DIR}/${FRAMEWORKS_FOLDER_PATH}/Result.framework",
			);
			runOnlyForDeploymentPostprocessing = 0;
			shellPath = /bin/sh;
			shellScript = "\"${PODS_ROOT}/Target Support Files/Pods-AlbumSearchAPITests/Pods-AlbumSearchAPITests-frameworks.sh\"\n";
			showEnvVarsInLog = 0;
		};
		D3D1469EFD7178A439AEE717 /* [CP] Check Pods Manifest.lock */ = {
			isa = PBXShellScriptBuildPhase;
			buildActionMask = 2147483647;
			files = (
			);
			inputFileListPaths = (
			);
			inputPaths = (
				"${PODS_PODFILE_DIR_PATH}/Podfile.lock",
				"${PODS_ROOT}/Manifest.lock",
			);
			name = "[CP] Check Pods Manifest.lock";
			outputFileListPaths = (
			);
			outputPaths = (
				"$(DERIVED_FILE_DIR)/Pods-AlbumSearchAPI-checkManifestLockResult.txt",
			);
			runOnlyForDeploymentPostprocessing = 0;
			shellPath = /bin/sh;
			shellScript = "diff \"${PODS_PODFILE_DIR_PATH}/Podfile.lock\" \"${PODS_ROOT}/Manifest.lock\" > /dev/null\nif [ $? != 0 ] ; then\n    # print error to STDERR\n    echo \"error: The sandbox is not in sync with the Podfile.lock. Run 'pod install' or update your CocoaPods installation.\" >&2\n    exit 1\nfi\n# This output is used by Xcode 'outputs' to avoid re-running this script phase.\necho \"SUCCESS\" > \"${SCRIPT_OUTPUT_FILE_0}\"\n";
			showEnvVarsInLog = 0;
		};
		F5A9324E0B0AD5B43B3176B0 /* [CP] Check Pods Manifest.lock */ = {
			isa = PBXShellScriptBuildPhase;
			buildActionMask = 2147483647;
			files = (
			);
			inputFileListPaths = (
			);
			inputPaths = (
				"${PODS_PODFILE_DIR_PATH}/Podfile.lock",
				"${PODS_ROOT}/Manifest.lock",
			);
			name = "[CP] Check Pods Manifest.lock";
			outputFileListPaths = (
			);
			outputPaths = (
				"$(DERIVED_FILE_DIR)/Pods-AlbumSearchAPITests-checkManifestLockResult.txt",
			);
			runOnlyForDeploymentPostprocessing = 0;
			shellPath = /bin/sh;
			shellScript = "diff \"${PODS_PODFILE_DIR_PATH}/Podfile.lock\" \"${PODS_ROOT}/Manifest.lock\" > /dev/null\nif [ $? != 0 ] ; then\n    # print error to STDERR\n    echo \"error: The sandbox is not in sync with the Podfile.lock. Run 'pod install' or update your CocoaPods installation.\" >&2\n    exit 1\nfi\n# This output is used by Xcode 'outputs' to avoid re-running this script phase.\necho \"SUCCESS\" > \"${SCRIPT_OUTPUT_FILE_0}\"\n";
			showEnvVarsInLog = 0;
		};
/* End PBXShellScriptBuildPhase section */

/* Begin PBXSourcesBuildPhase section */
		AFE64550228B82560060C14C /* Sources */ = {
			isa = PBXSourcesBuildPhase;
			buildActionMask = 2147483647;
			files = (
				AFB5D18B228B8BF20006577F /* AlbumSearchAPI.swift in Sources */,
				AFB5D191228B90770006577F /* Outcome.swift in Sources */,
				AFB5D18D228B8E330006577F /* SearchResult.swift in Sources */,
				AFB5D189228B89930006577F /* iTunesAlbumAPI.swift in Sources */,
				AFB5D18F228B8EFC0006577F /* Album.swift in Sources */,
			);
			runOnlyForDeploymentPostprocessing = 0;
		};
		AFE64559228B82560060C14C /* Sources */ = {
			isa = PBXSourcesBuildPhase;
			buildActionMask = 2147483647;
			files = (
				AFE64563228B82560060C14C /* AlbumSearchAPITests.swift in Sources */,
			);
			runOnlyForDeploymentPostprocessing = 0;
		};
/* End PBXSourcesBuildPhase section */

/* Begin PBXTargetDependency section */
		AFE64560228B82560060C14C /* PBXTargetDependency */ = {
			isa = PBXTargetDependency;
			target = AFE64553228B82560060C14C /* AlbumSearchAPI */;
			targetProxy = AFE6455F228B82560060C14C /* PBXContainerItemProxy */;
		};
/* End PBXTargetDependency section */

/* Begin XCBuildConfiguration section */
		AFE64566228B82560060C14C /* Debug */ = {
			isa = XCBuildConfiguration;
			buildSettings = {
				ALWAYS_SEARCH_USER_PATHS = NO;
				CLANG_ANALYZER_NONNULL = YES;
				CLANG_ANALYZER_NUMBER_OBJECT_CONVERSION = YES_AGGRESSIVE;
				CLANG_CXX_LANGUAGE_STANDARD = "gnu++14";
				CLANG_CXX_LIBRARY = "libc++";
				CLANG_ENABLE_MODULES = YES;
				CLANG_ENABLE_OBJC_ARC = YES;
				CLANG_ENABLE_OBJC_WEAK = YES;
				CLANG_WARN_BLOCK_CAPTURE_AUTORELEASING = YES;
				CLANG_WARN_BOOL_CONVERSION = YES;
				CLANG_WARN_COMMA = YES;
				CLANG_WARN_CONSTANT_CONVERSION = YES;
				CLANG_WARN_DEPRECATED_OBJC_IMPLEMENTATIONS = YES;
				CLANG_WARN_DIRECT_OBJC_ISA_USAGE = YES_ERROR;
				CLANG_WARN_DOCUMENTATION_COMMENTS = YES;
				CLANG_WARN_EMPTY_BODY = YES;
				CLANG_WARN_ENUM_CONVERSION = YES;
				CLANG_WARN_INFINITE_RECURSION = YES;
				CLANG_WARN_INT_CONVERSION = YES;
				CLANG_WARN_NON_LITERAL_NULL_CONVERSION = YES;
				CLANG_WARN_OBJC_IMPLICIT_RETAIN_SELF = YES;
				CLANG_WARN_OBJC_LITERAL_CONVERSION = YES;
				CLANG_WARN_OBJC_ROOT_CLASS = YES_ERROR;
				CLANG_WARN_RANGE_LOOP_ANALYSIS = YES;
				CLANG_WARN_STRICT_PROTOTYPES = YES;
				CLANG_WARN_SUSPICIOUS_MOVE = YES;
				CLANG_WARN_UNGUARDED_AVAILABILITY = YES_AGGRESSIVE;
				CLANG_WARN_UNREACHABLE_CODE = YES;
				CLANG_WARN__DUPLICATE_METHOD_MATCH = YES;
				CODE_SIGN_IDENTITY = "iPhone Developer";
				COPY_PHASE_STRIP = NO;
				CURRENT_PROJECT_VERSION = 1;
				DEBUG_INFORMATION_FORMAT = dwarf;
				ENABLE_STRICT_OBJC_MSGSEND = YES;
				ENABLE_TESTABILITY = YES;
				GCC_C_LANGUAGE_STANDARD = gnu11;
				GCC_DYNAMIC_NO_PIC = NO;
				GCC_NO_COMMON_BLOCKS = YES;
				GCC_OPTIMIZATION_LEVEL = 0;
				GCC_PREPROCESSOR_DEFINITIONS = (
					"DEBUG=1",
					"$(inherited)",
				);
				GCC_WARN_64_TO_32_BIT_CONVERSION = YES;
				GCC_WARN_ABOUT_RETURN_TYPE = YES_ERROR;
				GCC_WARN_UNDECLARED_SELECTOR = YES;
				GCC_WARN_UNINITIALIZED_AUTOS = YES_AGGRESSIVE;
				GCC_WARN_UNUSED_FUNCTION = YES;
				GCC_WARN_UNUSED_VARIABLE = YES;
				IPHONEOS_DEPLOYMENT_TARGET = 12.2;
				MTL_ENABLE_DEBUG_INFO = INCLUDE_SOURCE;
				MTL_FAST_MATH = YES;
				ONLY_ACTIVE_ARCH = YES;
				SDKROOT = iphoneos;
				SWIFT_ACTIVE_COMPILATION_CONDITIONS = DEBUG;
				SWIFT_OPTIMIZATION_LEVEL = "-Onone";
				VERSIONING_SYSTEM = "apple-generic";
				VERSION_INFO_PREFIX = "";
			};
			name = Debug;
		};
		AFE64567228B82560060C14C /* Release */ = {
			isa = XCBuildConfiguration;
			buildSettings = {
				ALWAYS_SEARCH_USER_PATHS = NO;
				CLANG_ANALYZER_NONNULL = YES;
				CLANG_ANALYZER_NUMBER_OBJECT_CONVERSION = YES_AGGRESSIVE;
				CLANG_CXX_LANGUAGE_STANDARD = "gnu++14";
				CLANG_CXX_LIBRARY = "libc++";
				CLANG_ENABLE_MODULES = YES;
				CLANG_ENABLE_OBJC_ARC = YES;
				CLANG_ENABLE_OBJC_WEAK = YES;
				CLANG_WARN_BLOCK_CAPTURE_AUTORELEASING = YES;
				CLANG_WARN_BOOL_CONVERSION = YES;
				CLANG_WARN_COMMA = YES;
				CLANG_WARN_CONSTANT_CONVERSION = YES;
				CLANG_WARN_DEPRECATED_OBJC_IMPLEMENTATIONS = YES;
				CLANG_WARN_DIRECT_OBJC_ISA_USAGE = YES_ERROR;
				CLANG_WARN_DOCUMENTATION_COMMENTS = YES;
				CLANG_WARN_EMPTY_BODY = YES;
				CLANG_WARN_ENUM_CONVERSION = YES;
				CLANG_WARN_INFINITE_RECURSION = YES;
				CLANG_WARN_INT_CONVERSION = YES;
				CLANG_WARN_NON_LITERAL_NULL_CONVERSION = YES;
				CLANG_WARN_OBJC_IMPLICIT_RETAIN_SELF = YES;
				CLANG_WARN_OBJC_LITERAL_CONVERSION = YES;
				CLANG_WARN_OBJC_ROOT_CLASS = YES_ERROR;
				CLANG_WARN_RANGE_LOOP_ANALYSIS = YES;
				CLANG_WARN_STRICT_PROTOTYPES = YES;
				CLANG_WARN_SUSPICIOUS_MOVE = YES;
				CLANG_WARN_UNGUARDED_AVAILABILITY = YES_AGGRESSIVE;
				CLANG_WARN_UNREACHABLE_CODE = YES;
				CLANG_WARN__DUPLICATE_METHOD_MATCH = YES;
				CODE_SIGN_IDENTITY = "iPhone Developer";
				COPY_PHASE_STRIP = NO;
				CURRENT_PROJECT_VERSION = 1;
				DEBUG_INFORMATION_FORMAT = "dwarf-with-dsym";
				ENABLE_NS_ASSERTIONS = NO;
				ENABLE_STRICT_OBJC_MSGSEND = YES;
				GCC_C_LANGUAGE_STANDARD = gnu11;
				GCC_NO_COMMON_BLOCKS = YES;
				GCC_WARN_64_TO_32_BIT_CONVERSION = YES;
				GCC_WARN_ABOUT_RETURN_TYPE = YES_ERROR;
				GCC_WARN_UNDECLARED_SELECTOR = YES;
				GCC_WARN_UNINITIALIZED_AUTOS = YES_AGGRESSIVE;
				GCC_WARN_UNUSED_FUNCTION = YES;
				GCC_WARN_UNUSED_VARIABLE = YES;
				IPHONEOS_DEPLOYMENT_TARGET = 12.2;
				MTL_ENABLE_DEBUG_INFO = NO;
				MTL_FAST_MATH = YES;
				SDKROOT = iphoneos;
				SWIFT_COMPILATION_MODE = wholemodule;
				SWIFT_OPTIMIZATION_LEVEL = "-O";
				VALIDATE_PRODUCT = YES;
				VERSIONING_SYSTEM = "apple-generic";
				VERSION_INFO_PREFIX = "";
			};
			name = Release;
		};
		AFE64569228B82560060C14C /* Debug */ = {
			isa = XCBuildConfiguration;
			baseConfigurationReference = 26F6D606EF646D4F4273A302 /* Pods-AlbumSearchAPI.debug.xcconfig */;
			buildSettings = {
				CLANG_ENABLE_MODULES = YES;
				CODE_SIGN_IDENTITY = "";
				CODE_SIGN_STYLE = Automatic;
				DEFINES_MODULE = YES;
				DYLIB_COMPATIBILITY_VERSION = 1;
				DYLIB_CURRENT_VERSION = 1;
				DYLIB_INSTALL_NAME_BASE = "@rpath";
				INFOPLIST_FILE = "$(SRCROOT)/AlbumSearchAPI/Resources/Info.plist";
				INSTALL_PATH = "$(LOCAL_LIBRARY_DIR)/Frameworks";
				LD_RUNPATH_SEARCH_PATHS = (
					"$(inherited)",
					"@executable_path/Frameworks",
					"@loader_path/Frameworks",
				);
				PRODUCT_BUNDLE_IDENTIFIER = com.tmagalhaes.albumsearchapi;
				PRODUCT_NAME = "$(TARGET_NAME:c99extidentifier)";
				SKIP_INSTALL = YES;
				SWIFT_OPTIMIZATION_LEVEL = "-Onone";
				SWIFT_VERSION = 5.0;
				TARGETED_DEVICE_FAMILY = "1,2";
			};
			name = Debug;
		};
		AFE6456A228B82560060C14C /* Release */ = {
			isa = XCBuildConfiguration;
			baseConfigurationReference = B4E11A91475E1BFD5515D890 /* Pods-AlbumSearchAPI.release.xcconfig */;
			buildSettings = {
				CLANG_ENABLE_MODULES = YES;
				CODE_SIGN_IDENTITY = "";
				CODE_SIGN_STYLE = Automatic;
				DEFINES_MODULE = YES;
				DYLIB_COMPATIBILITY_VERSION = 1;
				DYLIB_CURRENT_VERSION = 1;
				DYLIB_INSTALL_NAME_BASE = "@rpath";
				INFOPLIST_FILE = "$(SRCROOT)/AlbumSearchAPI/Resources/Info.plist";
				INSTALL_PATH = "$(LOCAL_LIBRARY_DIR)/Frameworks";
				LD_RUNPATH_SEARCH_PATHS = (
					"$(inherited)",
					"@executable_path/Frameworks",
					"@loader_path/Frameworks",
				);
				PRODUCT_BUNDLE_IDENTIFIER = com.tmagalhaes.albumsearchapi;
				PRODUCT_NAME = "$(TARGET_NAME:c99extidentifier)";
				SKIP_INSTALL = YES;
				SWIFT_VERSION = 5.0;
				TARGETED_DEVICE_FAMILY = "1,2";
			};
			name = Release;
		};
		AFE6456C228B82560060C14C /* Debug */ = {
			isa = XCBuildConfiguration;
			baseConfigurationReference = D0B5EC1B0C637ABF3A593105 /* Pods-AlbumSearchAPITests.debug.xcconfig */;
			buildSettings = {
				ALWAYS_EMBED_SWIFT_STANDARD_LIBRARIES = YES;
				CODE_SIGN_STYLE = Automatic;
				INFOPLIST_FILE = AlbumSearchAPITests/Info.plist;
				LD_RUNPATH_SEARCH_PATHS = (
					"$(inherited)",
					"@executable_path/Frameworks",
					"@loader_path/Frameworks",
				);
				PRODUCT_BUNDLE_IDENTIFIER = com.tmagalhaes.AlbumSearchAPITests;
				PRODUCT_NAME = "$(TARGET_NAME)";
				SWIFT_VERSION = 5.0;
				TARGETED_DEVICE_FAMILY = "1,2";
			};
			name = Debug;
		};
		AFE6456D228B82560060C14C /* Release */ = {
			isa = XCBuildConfiguration;
			baseConfigurationReference = 9CB70F5A8285494BAD7226F7 /* Pods-AlbumSearchAPITests.release.xcconfig */;
			buildSettings = {
				ALWAYS_EMBED_SWIFT_STANDARD_LIBRARIES = YES;
				CODE_SIGN_STYLE = Automatic;
				INFOPLIST_FILE = AlbumSearchAPITests/Info.plist;
				LD_RUNPATH_SEARCH_PATHS = (
					"$(inherited)",
					"@executable_path/Frameworks",
					"@loader_path/Frameworks",
				);
				PRODUCT_BUNDLE_IDENTIFIER = com.tmagalhaes.AlbumSearchAPITests;
				PRODUCT_NAME = "$(TARGET_NAME)";
				SWIFT_VERSION = 5.0;
				TARGETED_DEVICE_FAMILY = "1,2";
			};
			name = Release;
		};
/* End XCBuildConfiguration section */

/* Begin XCConfigurationList section */
		AFE6454E228B82560060C14C /* Build configuration list for PBXProject "AlbumSearchAPI" */ = {
			isa = XCConfigurationList;
			buildConfigurations = (
				AFE64566228B82560060C14C /* Debug */,
				AFE64567228B82560060C14C /* Release */,
			);
			defaultConfigurationIsVisible = 0;
			defaultConfigurationName = Release;
		};
		AFE64568228B82560060C14C /* Build configuration list for PBXNativeTarget "AlbumSearchAPI" */ = {
			isa = XCConfigurationList;
			buildConfigurations = (
				AFE64569228B82560060C14C /* Debug */,
				AFE6456A228B82560060C14C /* Release */,
			);
			defaultConfigurationIsVisible = 0;
			defaultConfigurationName = Release;
		};
		AFE6456B228B82560060C14C /* Build configuration list for PBXNativeTarget "AlbumSearchAPITests" */ = {
			isa = XCConfigurationList;
			buildConfigurations = (
				AFE6456C228B82560060C14C /* Debug */,
				AFE6456D228B82560060C14C /* Release */,
			);
			defaultConfigurationIsVisible = 0;
			defaultConfigurationName = Release;
		};
/* End XCConfigurationList section */
	};
	rootObject = AFE6454B228B82560060C14C /* Project object */;
}
